// !$*UTF8*$!
{
	archiveVersion = 1;
	classes = {
	};
	objectVersion = 56;
	objects = {

/* Begin PBXBuildFile section */
		C5E1C89E2B934AAF0032CD80 /* AppDelegate.swift in Sources */ = {isa = PBXBuildFile; fileRef = C5E1C89D2B934AAF0032CD80 /* AppDelegate.swift */; };
		C5E1C8A02B934AAF0032CD80 /* SceneDelegate.swift in Sources */ = {isa = PBXBuildFile; fileRef = C5E1C89F2B934AAF0032CD80 /* SceneDelegate.swift */; };
		C5E1C8A22B934AAF0032CD80 /* ViewController.swift in Sources */ = {isa = PBXBuildFile; fileRef = C5E1C8A12B934AAF0032CD80 /* ViewController.swift */; };
		C5E1C8A52B934AAF0032CD80 /* Main.storyboard in Resources */ = {isa = PBXBuildFile; fileRef = C5E1C8A32B934AAF0032CD80 /* Main.storyboard */; };
		C5E1C8A72B934AB10032CD80 /* Assets.xcassets in Resources */ = {isa = PBXBuildFile; fileRef = C5E1C8A62B934AB10032CD80 /* Assets.xcassets */; };
		C5E1C8AA2B934AB10032CD80 /* LaunchScreen.storyboard in Resources */ = {isa = PBXBuildFile; fileRef = C5E1C8A82B934AB10032CD80 /* LaunchScreen.storyboard */; };
		C5E1C8B52B934AB10032CD80 /* MyRemindersTests.swift in Sources */ = {isa = PBXBuildFile; fileRef = C5E1C8B42B934AB10032CD80 /* MyRemindersTests.swift */; };
		C5E1C8BF2B934AB10032CD80 /* MyRemindersUITests.swift in Sources */ = {isa = PBXBuildFile; fileRef = C5E1C8BE2B934AB10032CD80 /* MyRemindersUITests.swift */; };
		C5E1C8C12B934AB10032CD80 /* MyRemindersUITestsLaunchTests.swift in Sources */ = {isa = PBXBuildFile; fileRef = C5E1C8C02B934AB10032CD80 /* MyRemindersUITestsLaunchTests.swift */; };
		C5E1C8CE2B934F800032CD80 /* AddViewController.swift in Sources */ = {isa = PBXBuildFile; fileRef = C5E1C8CD2B934F800032CD80 /* AddViewController.swift */; };
/* End PBXBuildFile section */

/* Begin PBXContainerItemProxy section */
		C5E1C8B12B934AB10032CD80 /* PBXContainerItemProxy */ = {
			isa = PBXContainerItemProxy;
			containerPortal = C5E1C8922B934AAF0032CD80 /* Project object */;
			proxyType = 1;
			remoteGlobalIDString = C5E1C8992B934AAF0032CD80;
			remoteInfo = MyReminders;
		};
		C5E1C8BB2B934AB10032CD80 /* PBXContainerItemProxy */ = {
			isa = PBXContainerItemProxy;
			containerPortal = C5E1C8922B934AAF0032CD80 /* Project object */;
			proxyType = 1;
			remoteGlobalIDString = C5E1C8992B934AAF0032CD80;
			remoteInfo = MyReminders;
		};
/* End PBXContainerItemProxy section */

/* Begin PBXFileReference section */
		C5E1C89A2B934AAF0032CD80 /* MyReminders.app */ = {isa = PBXFileReference; explicitFileType = wrapper.application; includeInIndex = 0; path = MyReminders.app; sourceTree = BUILT_PRODUCTS_DIR; };
		C5E1C89D2B934AAF0032CD80 /* AppDelegate.swift */ = {isa = PBXFileReference; lastKnownFileType = sourcecode.swift; path = AppDelegate.swift; sourceTree = "<group>"; };
		C5E1C89F2B934AAF0032CD80 /* SceneDelegate.swift */ = {isa = PBXFileReference; lastKnownFileType = sourcecode.swift; path = SceneDelegate.swift; sourceTree = "<group>"; };
		C5E1C8A12B934AAF0032CD80 /* ViewController.swift */ = {isa = PBXFileReference; lastKnownFileType = sourcecode.swift; path = ViewController.swift; sourceTree = "<group>"; };
		C5E1C8A42B934AAF0032CD80 /* Base */ = {isa = PBXFileReference; lastKnownFileType = file.storyboard; name = Base; path = Base.lproj/Main.storyboard; sourceTree = "<group>"; };
		C5E1C8A62B934AB10032CD80 /* Assets.xcassets */ = {isa = PBXFileReference; lastKnownFileType = folder.assetcatalog; path = Assets.xcassets; sourceTree = "<group>"; };
		C5E1C8A92B934AB10032CD80 /* Base */ = {isa = PBXFileReference; lastKnownFileType = file.storyboard; name = Base; path = Base.lproj/LaunchScreen.storyboard; sourceTree = "<group>"; };
		C5E1C8AB2B934AB10032CD80 /* Info.plist */ = {isa = PBXFileReference; lastKnownFileType = text.plist.xml; path = Info.plist; sourceTree = "<group>"; };
		C5E1C8B02B934AB10032CD80 /* MyRemindersTests.xctest */ = {isa = PBXFileReference; explicitFileType = wrapper.cfbundle; includeInIndex = 0; path = MyRemindersTests.xctest; sourceTree = BUILT_PRODUCTS_DIR; };
		C5E1C8B42B934AB10032CD80 /* MyRemindersTests.swift */ = {isa = PBXFileReference; lastKnownFileType = sourcecode.swift; path = MyRemindersTests.swift; sourceTree = "<group>"; };
		C5E1C8BA2B934AB10032CD80 /* MyRemindersUITests.xctest */ = {isa = PBXFileReference; explicitFileType = wrapper.cfbundle; includeInIndex = 0; path = MyRemindersUITests.xctest; sourceTree = BUILT_PRODUCTS_DIR; };
		C5E1C8BE2B934AB10032CD80 /* MyRemindersUITests.swift */ = {isa = PBXFileReference; lastKnownFileType = sourcecode.swift; path = MyRemindersUITests.swift; sourceTree = "<group>"; };
		C5E1C8C02B934AB10032CD80 /* MyRemindersUITestsLaunchTests.swift */ = {isa = PBXFileReference; lastKnownFileType = sourcecode.swift; path = MyRemindersUITestsLaunchTests.swift; sourceTree = "<group>"; };
		C5E1C8CD2B934F800032CD80 /* AddViewController.swift */ = {isa = PBXFileReference; lastKnownFileType = sourcecode.swift; path = AddViewController.swift; sourceTree = "<group>"; };
/* End PBXFileReference section */

/* Begin PBXFrameworksBuildPhase section */
		C5E1C8972B934AAF0032CD80 /* Frameworks */ = {
			isa = PBXFrameworksBuildPhase;
			buildActionMask = 2147483647;
			files = (
			);
			runOnlyForDeploymentPostprocessing = 0;
		};
		C5E1C8AD2B934AB10032CD80 /* Frameworks */ = {
			isa = PBXFrameworksBuildPhase;
			buildActionMask = 2147483647;
			files = (
			);
			runOnlyForDeploymentPostprocessing = 0;
		};
		C5E1C8B72B934AB10032CD80 /* Frameworks */ = {
			isa = PBXFrameworksBuildPhase;
			buildActionMask = 2147483647;
			files = (
			);
			runOnlyForDeploymentPostprocessing = 0;
		};
/* End PBXFrameworksBuildPhase section */

/* Begin PBXGroup section */
		C5E1C8912B934AAF0032CD80 = {
			isa = PBXGroup;
			children = (
				C5E1C89C2B934AAF0032CD80 /* MyReminders */,
				C5E1C8B32B934AB10032CD80 /* MyRemindersTests */,
				C5E1C8BD2B934AB10032CD80 /* MyRemindersUITests */,
				C5E1C89B2B934AAF0032CD80 /* Products */,
			);
			sourceTree = "<group>";
		};
		C5E1C89B2B934AAF0032CD80 /* Products */ = {
			isa = PBXGroup;
			children = (
				C5E1C89A2B934AAF0032CD80 /* MyReminders.app */,
				C5E1C8B02B934AB10032CD80 /* MyRemindersTests.xctest */,
				C5E1C8BA2B934AB10032CD80 /* MyRemindersUITests.xctest */,
			);
			name = Products;
			sourceTree = "<group>";
		};
		C5E1C89C2B934AAF0032CD80 /* MyReminders */ = {
			isa = PBXGroup;
			children = (
				C5E1C89D2B934AAF0032CD80 /* AppDelegate.swift */,
				C5E1C89F2B934AAF0032CD80 /* SceneDelegate.swift */,
				C5E1C8A12B934AAF0032CD80 /* ViewController.swift */,
				C5E1C8CD2B934F800032CD80 /* AddViewController.swift */,
				C5E1C8A32B934AAF0032CD80 /* Main.storyboard */,
				C5E1C8A62B934AB10032CD80 /* Assets.xcassets */,
				C5E1C8A82B934AB10032CD80 /* LaunchScreen.storyboard */,
				C5E1C8AB2B934AB10032CD80 /* Info.plist */,
			);
			path = MyReminders;
			sourceTree = "<group>";
		};
		C5E1C8B32B934AB10032CD80 /* MyRemindersTests */ = {
			isa = PBXGroup;
			children = (
				C5E1C8B42B934AB10032CD80 /* MyRemindersTests.swift */,
			);
			path = MyRemindersTests;
			sourceTree = "<group>";
		};
		C5E1C8BD2B934AB10032CD80 /* MyRemindersUITests */ = {
			isa = PBXGroup;
			children = (
				C5E1C8BE2B934AB10032CD80 /* MyRemindersUITests.swift */,
				C5E1C8C02B934AB10032CD80 /* MyRemindersUITestsLaunchTests.swift */,
			);
			path = MyRemindersUITests;
			sourceTree = "<group>";
		};
/* End PBXGroup section */

/* Begin PBXNativeTarget section */
		C5E1C8992B934AAF0032CD80 /* MyReminders */ = {
			isa = PBXNativeTarget;
			buildConfigurationList = C5E1C8C42B934AB10032CD80 /* Build configuration list for PBXNativeTarget "MyReminders" */;
			buildPhases = (
				C5E1C8962B934AAF0032CD80 /* Sources */,
				C5E1C8972B934AAF0032CD80 /* Frameworks */,
				C5E1C8982B934AAF0032CD80 /* Resources */,
			);
			buildRules = (
			);
			dependencies = (
			);
			name = MyReminders;
			productName = MyReminders;
			productReference = C5E1C89A2B934AAF0032CD80 /* MyReminders.app */;
			productType = "com.apple.product-type.application";
		};
		C5E1C8AF2B934AB10032CD80 /* MyRemindersTests */ = {
			isa = PBXNativeTarget;
			buildConfigurationList = C5E1C8C72B934AB10032CD80 /* Build configuration list for PBXNativeTarget "MyRemindersTests" */;
			buildPhases = (
				C5E1C8AC2B934AB10032CD80 /* Sources */,
				C5E1C8AD2B934AB10032CD80 /* Frameworks */,
				C5E1C8AE2B934AB10032CD80 /* Resources */,
			);
			buildRules = (
			);
			dependencies = (
				C5E1C8B22B934AB10032CD80 /* PBXTargetDependency */,
			);
			name = MyRemindersTests;
			productName = MyRemindersTests;
			productReference = C5E1C8B02B934AB10032CD80 /* MyRemindersTests.xctest */;
			productType = "com.apple.product-type.bundle.unit-test";
		};
		C5E1C8B92B934AB10032CD80 /* MyRemindersUITests */ = {
			isa = PBXNativeTarget;
			buildConfigurationList = C5E1C8CA2B934AB10032CD80 /* Build configuration list for PBXNativeTarget "MyRemindersUITests" */;
			buildPhases = (
				C5E1C8B62B934AB10032CD80 /* Sources */,
				C5E1C8B72B934AB10032CD80 /* Frameworks */,
				C5E1C8B82B934AB10032CD80 /* Resources */,
			);
			buildRules = (
			);
			dependencies = (
				C5E1C8BC2B934AB10032CD80 /* PBXTargetDependency */,
			);
			name = MyRemindersUITests;
			productName = MyRemindersUITests;
			productReference = C5E1C8BA2B934AB10032CD80 /* MyRemindersUITests.xctest */;
			productType = "com.apple.product-type.bundle.ui-testing";
		};
/* End PBXNativeTarget section */

/* Begin PBXProject section */
		C5E1C8922B934AAF0032CD80 /* Project object */ = {
			isa = PBXProject;
			attributes = {
				BuildIndependentTargetsInParallel = 1;
				LastSwiftUpdateCheck = 1500;
				LastUpgradeCheck = 1500;
				TargetAttributes = {
					C5E1C8992B934AAF0032CD80 = {
						CreatedOnToolsVersion = 15.0.1;
					};
					C5E1C8AF2B934AB10032CD80 = {
						CreatedOnToolsVersion = 15.0.1;
						TestTargetID = C5E1C8992B934AAF0032CD80;
					};
					C5E1C8B92B934AB10032CD80 = {
						CreatedOnToolsVersion = 15.0.1;
						TestTargetID = C5E1C8992B934AAF0032CD80;
					};
				};
			};
			buildConfigurationList = C5E1C8952B934AAF0032CD80 /* Build configuration list for PBXProject "MyReminders" */;
			compatibilityVersion = "Xcode 14.0";
			developmentRegion = en;
			hasScannedForEncodings = 0;
			knownRegions = (
				en,
				Base,
			);
			mainGroup = C5E1C8912B934AAF0032CD80;
			productRefGroup = C5E1C89B2B934AAF0032CD80 /* Products */;
			projectDirPath = "";
			projectRoot = "";
			targets = (
				C5E1C8992B934AAF0032CD80 /* MyReminders */,
				C5E1C8AF2B934AB10032CD80 /* MyRemindersTests */,
				C5E1C8B92B934AB10032CD80 /* MyRemindersUITests */,
			);
		};
/* End PBXProject section */

/* Begin PBXResourcesBuildPhase section */
		C5E1C8982B934AAF0032CD80 /* Resources */ = {
			isa = PBXResourcesBuildPhase;
			buildActionMask = 2147483647;
			files = (
				C5E1C8AA2B934AB10032CD80 /* LaunchScreen.storyboard in Resources */,
				C5E1C8A72B934AB10032CD80 /* Assets.xcassets in Resources */,
				C5E1C8A52B934AAF0032CD80 /* Main.storyboard in Resources */,
			);
			runOnlyForDeploymentPostprocessing = 0;
		};
		C5E1C8AE2B934AB10032CD80 /* Resources */ = {
			isa = PBXResourcesBuildPhase;
			buildActionMask = 2147483647;
			files = (
			);
			runOnlyForDeploymentPostprocessing = 0;
		};
		C5E1C8B82B934AB10032CD80 /* Resources */ = {
			isa = PBXResourcesBuildPhase;
			buildActionMask = 2147483647;
			files = (
			);
			runOnlyForDeploymentPostprocessing = 0;
		};
/* End PBXResourcesBuildPhase section */

/* Begin PBXSourcesBuildPhase section */
		C5E1C8962B934AAF0032CD80 /* Sources */ = {
			isa = PBXSourcesBuildPhase;
			buildActionMask = 2147483647;
			files = (
				C5E1C8A22B934AAF0032CD80 /* ViewController.swift in Sources */,
				C5E1C89E2B934AAF0032CD80 /* AppDelegate.swift in Sources */,
				C5E1C8CE2B934F800032CD80 /* AddViewController.swift in Sources */,
				C5E1C8A02B934AAF0032CD80 /* SceneDelegate.swift in Sources */,
			);
			runOnlyForDeploymentPostprocessing = 0;
		};
		C5E1C8AC2B934AB10032CD80 /* Sources */ = {
			isa = PBXSourcesBuildPhase;
			buildActionMask = 2147483647;
			files = (
				C5E1C8B52B934AB10032CD80 /* MyRemindersTests.swift in Sources */,
			);
			runOnlyForDeploymentPostprocessing = 0;
		};
		C5E1C8B62B934AB10032CD80 /* Sources */ = {
			isa = PBXSourcesBuildPhase;
			buildActionMask = 2147483647;
			files = (
				C5E1C8C12B934AB10032CD80 /* MyRemindersUITestsLaunchTests.swift in Sources */,
				C5E1C8BF2B934AB10032CD80 /* MyRemindersUITests.swift in Sources */,
			);
			runOnlyForDeploymentPostprocessing = 0;
		};
/* End PBXSourcesBuildPhase section */

/* Begin PBXTargetDependency section */
		C5E1C8B22B934AB10032CD80 /* PBXTargetDependency */ = {
			isa = PBXTargetDependency;
			target = C5E1C8992B934AAF0032CD80 /* MyReminders */;
			targetProxy = C5E1C8B12B934AB10032CD80 /* PBXContainerItemProxy */;
		};
		C5E1C8BC2B934AB10032CD80 /* PBXTargetDependency */ = {
			isa = PBXTargetDependency;
			target = C5E1C8992B934AAF0032CD80 /* MyReminders */;
			targetProxy = C5E1C8BB2B934AB10032CD80 /* PBXContainerItemProxy */;
		};
/* End PBXTargetDependency section */

/* Begin PBXVariantGroup section */
		C5E1C8A32B934AAF0032CD80 /* Main.storyboard */ = {
			isa = PBXVariantGroup;
			children = (
				C5E1C8A42B934AAF0032CD80 /* Base */,
			);
			name = Main.storyboard;
			sourceTree = "<group>";
		};
		C5E1C8A82B934AB10032CD80 /* LaunchScreen.storyboard */ = {
			isa = PBXVariantGroup;
			children = (
				C5E1C8A92B934AB10032CD80 /* Base */,
			);
			name = LaunchScreen.storyboard;
			sourceTree = "<group>";
		};
/* End PBXVariantGroup section */

/* Begin XCBuildConfiguration section */
		C5E1C8C22B934AB10032CD80 /* Debug */ = {
			isa = XCBuildConfiguration;
			buildSettings = {
				ALWAYS_SEARCH_USER_PATHS = NO;
				ASSETCATALOG_COMPILER_GENERATE_SWIFT_ASSET_SYMBOL_EXTENSIONS = YES;
				CLANG_ANALYZER_NONNULL = YES;
				CLANG_ANALYZER_NUMBER_OBJECT_CONVERSION = YES_AGGRESSIVE;
				CLANG_CXX_LANGUAGE_STANDARD = "gnu++20";
				CLANG_ENABLE_MODULES = YES;
				CLANG_ENABLE_OBJC_ARC = YES;
				CLANG_ENABLE_OBJC_WEAK = YES;
				CLANG_WARN_BLOCK_CAPTURE_AUTORELEASING = YES;
				CLANG_WARN_BOOL_CONVERSION = YES;
				CLANG_WARN_COMMA = YES;
				CLANG_WARN_CONSTANT_CONVERSION = YES;
				CLANG_WARN_DEPRECATED_OBJC_IMPLEMENTATIONS = YES;
				CLANG_WARN_DIRECT_OBJC_ISA_USAGE = YES_ERROR;
				CLANG_WARN_DOCUMENTATION_COMMENTS = YES;
				CLANG_WARN_EMPTY_BODY = YES;
				CLANG_WARN_ENUM_CONVERSION = YES;
				CLANG_WARN_INFINITE_RECURSION = YES;
				CLANG_WARN_INT_CONVERSION = YES;
				CLANG_WARN_NON_LITERAL_NULL_CONVERSION = YES;
				CLANG_WARN_OBJC_IMPLICIT_RETAIN_SELF = YES;
				CLANG_WARN_OBJC_LITERAL_CONVERSION = YES;
				CLANG_WARN_OBJC_ROOT_CLASS = YES_ERROR;
				CLANG_WARN_QUOTED_INCLUDE_IN_FRAMEWORK_HEADER = YES;
				CLANG_WARN_RANGE_LOOP_ANALYSIS = YES;
				CLANG_WARN_STRICT_PROTOTYPES = YES;
				CLANG_WARN_SUSPICIOUS_MOVE = YES;
				CLANG_WARN_UNGUARDED_AVAILABILITY = YES_AGGRESSIVE;
				CLANG_WARN_UNREACHABLE_CODE = YES;
				CLANG_WARN__DUPLICATE_METHOD_MATCH = YES;
				COPY_PHASE_STRIP = NO;
				DEBUG_INFORMATION_FORMAT = dwarf;
				ENABLE_STRICT_OBJC_MSGSEND = YES;
				ENABLE_TESTABILITY = YES;
				ENABLE_USER_SCRIPT_SANDBOXING = YES;
				GCC_C_LANGUAGE_STANDARD = gnu17;
				GCC_DYNAMIC_NO_PIC = NO;
				GCC_NO_COMMON_BLOCKS = YES;
				GCC_OPTIMIZATION_LEVEL = 0;
				GCC_PREPROCESSOR_DEFINITIONS = (
					"DEBUG=1",
					"$(inherited)",
				);
				GCC_WARN_64_TO_32_BIT_CONVERSION = YES;
				GCC_WARN_ABOUT_RETURN_TYPE = YES_ERROR;
				GCC_WARN_UNDECLARED_SELECTOR = YES;
				GCC_WARN_UNINITIALIZED_AUTOS = YES_AGGRESSIVE;
				GCC_WARN_UNUSED_FUNCTION = YES;
				GCC_WARN_UNUSED_VARIABLE = YES;
				IPHONEOS_DEPLOYMENT_TARGET = 17.0;
				LOCALIZATION_PREFERS_STRING_CATALOGS = YES;
				MTL_ENABLE_DEBUG_INFO = INCLUDE_SOURCE;
				MTL_FAST_MATH = YES;
				ONLY_ACTIVE_ARCH = YES;
				SDKROOT = iphoneos;
				SWIFT_ACTIVE_COMPILATION_CONDITIONS = "DEBUG $(inherited)";
				SWIFT_OPTIMIZATION_LEVEL = "-Onone";
			};
			name = Debug;
		};
		C5E1C8C32B934AB10032CD80 /* Release */ = {
			isa = XCBuildConfiguration;
			buildSettings = {
				ALWAYS_SEARCH_USER_PATHS = NO;
				ASSETCATALOG_COMPILER_GENERATE_SWIFT_ASSET_SYMBOL_EXTENSIONS = YES;
				CLANG_ANALYZER_NONNULL = YES;
				CLANG_ANALYZER_NUMBER_OBJECT_CONVERSION = YES_AGGRESSIVE;
				CLANG_CXX_LANGUAGE_STANDARD = "gnu++20";
				CLANG_ENABLE_MODULES = YES;
				CLANG_ENABLE_OBJC_ARC = YES;
				CLANG_ENABLE_OBJC_WEAK = YES;
				CLANG_WARN_BLOCK_CAPTURE_AUTORELEASING = YES;
				CLANG_WARN_BOOL_CONVERSION = YES;
				CLANG_WARN_COMMA = YES;
				CLANG_WARN_CONSTANT_CONVERSION = YES;
				CLANG_WARN_DEPRECATED_OBJC_IMPLEMENTATIONS = YES;
				CLANG_WARN_DIRECT_OBJC_ISA_USAGE = YES_ERROR;
				CLANG_WARN_DOCUMENTATION_COMMENTS = YES;
				CLANG_WARN_EMPTY_BODY = YES;
				CLANG_WARN_ENUM_CONVERSION = YES;
				CLANG_WARN_INFINITE_RECURSION = YES;
				CLANG_WARN_INT_CONVERSION = YES;
				CLANG_WARN_NON_LITERAL_NULL_CONVERSION = YES;
				CLANG_WARN_OBJC_IMPLICIT_RETAIN_SELF = YES;
				CLANG_WARN_OBJC_LITERAL_CONVERSION = YES;
				CLANG_WARN_OBJC_ROOT_CLASS = YES_ERROR;
				CLANG_WARN_QUOTED_INCLUDE_IN_FRAMEWORK_HEADER = YES;
				CLANG_WARN_RANGE_LOOP_ANALYSIS = YES;
				CLANG_WARN_STRICT_PROTOTYPES = YES;
				CLANG_WARN_SUSPICIOUS_MOVE = YES;
				CLANG_WARN_UNGUARDED_AVAILABILITY = YES_AGGRESSIVE;
				CLANG_WARN_UNREACHABLE_CODE = YES;
				CLANG_WARN__DUPLICATE_METHOD_MATCH = YES;
				COPY_PHASE_STRIP = NO;
				DEBUG_INFORMATION_FORMAT = "dwarf-with-dsym";
				ENABLE_NS_ASSERTIONS = NO;
				ENABLE_STRICT_OBJC_MSGSEND = YES;
				ENABLE_USER_SCRIPT_SANDBOXING = YES;
				GCC_C_LANGUAGE_STANDARD = gnu17;
				GCC_NO_COMMON_BLOCKS = YES;
				GCC_WARN_64_TO_32_BIT_CONVERSION = YES;
				GCC_WARN_ABOUT_RETURN_TYPE = YES_ERROR;
				GCC_WARN_UNDECLARED_SELECTOR = YES;
				GCC_WARN_UNINITIALIZED_AUTOS = YES_AGGRESSIVE;
				GCC_WARN_UNUSED_FUNCTION = YES;
				GCC_WARN_UNUSED_VARIABLE = YES;
				IPHONEOS_DEPLOYMENT_TARGET = 17.0;
				LOCALIZATION_PREFERS_STRING_CATALOGS = YES;
				MTL_ENABLE_DEBUG_INFO = NO;
				MTL_FAST_MATH = YES;
				SDKROOT = iphoneos;
				SWIFT_COMPILATION_MODE = wholemodule;
				VALIDATE_PRODUCT = YES;
			};
			name = Release;
		};
		C5E1C8C52B934AB10032CD80 /* Debug */ = {
			isa = XCBuildConfiguration;
			buildSettings = {
				ASSETCATALOG_COMPILER_APPICON_NAME = AppIcon;
				ASSETCATALOG_COMPILER_GLOBAL_ACCENT_COLOR_NAME = AccentColor;
				CODE_SIGN_STYLE = Automatic;
				CURRENT_PROJECT_VERSION = 1;
				GENERATE_INFOPLIST_FILE = YES;
				INFOPLIST_FILE = MyReminders/Info.plist;
				INFOPLIST_KEY_UIApplicationSupportsIndirectInputEvents = YES;
				INFOPLIST_KEY_UILaunchStoryboardName = LaunchScreen;
				INFOPLIST_KEY_UIMainStoryboardFile = Main;
				INFOPLIST_KEY_UISupportedInterfaceOrientations_iPad = "UIInterfaceOrientationPortrait UIInterfaceOrientationPortraitUpsideDown UIInterfaceOrientationLandscapeLeft UIInterfaceOrientationLandscapeRight";
				INFOPLIST_KEY_UISupportedInterfaceOrientations_iPhone = "UIInterfaceOrientationPortrait UIInterfaceOrientationLandscapeLeft UIInterfaceOrientationLandscapeRight";
				LD_RUNPATH_SEARCH_PATHS = (
					"$(inherited)",
					"@executable_path/Frameworks",
				);
				MARKETING_VERSION = 1.0;
				PRODUCT_BUNDLE_IDENTIFIER = Joker.MyReminders;
				PRODUCT_NAME = "$(TARGET_NAME)";
				SWIFT_EMIT_LOC_STRINGS = YES;
				SWIFT_VERSION = 5.0;
				TARGETED_DEVICE_FAMILY = "1,2";
			};
			name = Debug;
		};
		C5E1C8C62B934AB10032CD80 /* Release */ = {
			isa = XCBuildConfiguration;
			buildSettings = {
				ASSETCATALOG_COMPILER_APPICON_NAME = AppIcon;
				ASSETCATALOG_COMPILER_GLOBAL_ACCENT_COLOR_NAME = AccentColor;
				CODE_SIGN_STYLE = Automatic;
				CURRENT_PROJECT_VERSION = 1;
				GENERATE_INFOPLIST_FILE = YES;
				INFOPLIST_FILE = MyReminders/Info.plist;
				INFOPLIST_KEY_UIApplicationSupportsIndirectInputEvents = YES;
				INFOPLIST_KEY_UILaunchStoryboardName = LaunchScreen;
				INFOPLIST_KEY_UIMainStoryboardFile = Main;
				INFOPLIST_KEY_UISupportedInterfaceOrientations_iPad = "UIInterfaceOrientationPortrait UIInterfaceOrientationPortraitUpsideDown UIInterfaceOrientationLandscapeLeft UIInterfaceOrientationLandscapeRight";
				INFOPLIST_KEY_UISupportedInterfaceOrientations_iPhone = "UIInterfaceOrientationPortrait UIInterfaceOrientationLandscapeLeft UIInterfaceOrientationLandscapeRight";
				LD_RUNPATH_SEARCH_PATHS = (
					"$(inherited)",
					"@executable_path/Frameworks",
				);
				MARKETING_VERSION = 1.0;
				PRODUCT_BUNDLE_IDENTIFIER = Joker.MyReminders;
				PRODUCT_NAME = "$(TARGET_NAME)";
				SWIFT_EMIT_LOC_STRINGS = YES;
				SWIFT_VERSION = 5.0;
				TARGETED_DEVICE_FAMILY = "1,2";
			};
			name = Release;
		};
		C5E1C8C82B934AB10032CD80 /* Debug */ = {
			isa = XCBuildConfiguration;
			buildSettings = {
				ALWAYS_EMBED_SWIFT_STANDARD_LIBRARIES = YES;
				BUNDLE_LOADER = "$(TEST_HOST)";
				CODE_SIGN_STYLE = Automatic;
				CURRENT_PROJECT_VERSION = 1;
				GENERATE_INFOPLIST_FILE = YES;
				IPHONEOS_DEPLOYMENT_TARGET = 17.0;
				MARKETING_VERSION = 1.0;
				PRODUCT_BUNDLE_IDENTIFIER = Joker.MyRemindersTests;
				PRODUCT_NAME = "$(TARGET_NAME)";
				SWIFT_EMIT_LOC_STRINGS = NO;
				SWIFT_VERSION = 5.0;
				TARGETED_DEVICE_FAMILY = "1,2";
				TEST_HOST = "$(BUILT_PRODUCTS_DIR)/MyReminders.app/$(BUNDLE_EXECUTABLE_FOLDER_PATH)/MyReminders";
			};
			name = Debug;
		};
		C5E1C8C92B934AB10032CD80 /* Release */ = {
			isa = XCBuildConfiguration;
			buildSettings = {
				ALWAYS_EMBED_SWIFT_STANDARD_LIBRARIES = YES;
				BUNDLE_LOADER = "$(TEST_HOST)";
				CODE_SIGN_STYLE = Automatic;
				CURRENT_PROJECT_VERSION = 1;
				GENERATE_INFOPLIST_FILE = YES;
				IPHONEOS_DEPLOYMENT_TARGET = 17.0;
				MARKETING_VERSION = 1.0;
				PRODUCT_BUNDLE_IDENTIFIER = Joker.MyRemindersTests;
				PRODUCT_NAME = "$(TARGET_NAME)";
				SWIFT_EMIT_LOC_STRINGS = NO;
				SWIFT_VERSION = 5.0;
				TARGETED_DEVICE_FAMILY = "1,2";
				TEST_HOST = "$(BUILT_PRODUCTS_DIR)/MyReminders.app/$(BUNDLE_EXECUTABLE_FOLDER_PATH)/MyReminders";
			};
			name = Release;
		};
		C5E1C8CB2B934AB10032CD80 /* Debug */ = {
			isa = XCBuildConfiguration;
			buildSettings = {
				ALWAYS_EMBED_SWIFT_STANDARD_LIBRARIES = YES;
				CODE_SIGN_STYLE = Automatic;
				CURRENT_PROJECT_VERSION = 1;
				GENERATE_INFOPLIST_FILE = YES;
				MARKETING_VERSION = 1.0;
				PRODUCT_BUNDLE_IDENTIFIER = Joker.MyRemindersUITests;
				PRODUCT_NAME = "$(TARGET_NAME)";
				SWIFT_EMIT_LOC_STRINGS = NO;
				SWIFT_VERSION = 5.0;
				TARGETED_DEVICE_FAMILY = "1,2";
				TEST_TARGET_NAME = MyReminders;
			};
			name = Debug;
		};
		C5E1C8CC2B934AB10032CD80 /* Release */ = {
			isa = XCBuildConfiguration;
			buildSettings = {
				ALWAYS_EMBED_SWIFT_STANDARD_LIBRARIES = YES;
				CODE_SIGN_STYLE = Automatic;
				CURRENT_PROJECT_VERSION = 1;
				GENERATE_INFOPLIST_FILE = YES;
				MARKETING_VERSION = 1.0;
				PRODUCT_BUNDLE_IDENTIFIER = Joker.MyRemindersUITests;
				PRODUCT_NAME = "$(TARGET_NAME)";
				SWIFT_EMIT_LOC_STRINGS = NO;
				SWIFT_VERSION = 5.0;
				TARGETED_DEVICE_FAMILY = "1,2";
				TEST_TARGET_NAME = MyReminders;
			};
			name = Release;
		};
/* End XCBuildConfiguration section */

/* Begin XCConfigurationList section */
		C5E1C8952B934AAF0032CD80 /* Build configuration list for PBXProject "MyReminders" */ = {
			isa = XCConfigurationList;
			buildConfigurations = (
				C5E1C8C22B934AB10032CD80 /* Debug */,
				C5E1C8C32B934AB10032CD80 /* Release */,
			);
			defaultConfigurationIsVisible = 0;
			defaultConfigurationName = Release;
		};
		C5E1C8C42B934AB10032CD80 /* Build configuration list for PBXNativeTarget "MyReminders" */ = {
			isa = XCConfigurationList;
			buildConfigurations = (
				C5E1C8C52B934AB10032CD80 /* Debug */,
				C5E1C8C62B934AB10032CD80 /* Release */,
			);
			defaultConfigurationIsVisible = 0;
			defaultConfigurationName = Release;
		};
		C5E1C8C72B934AB10032CD80 /* Build configuration list for PBXNativeTarget "MyRemindersTests" */ = {
			isa = XCConfigurationList;
			buildConfigurations = (
				C5E1C8C82B934AB10032CD80 /* Debug */,
				C5E1C8C92B934AB10032CD80 /* Release */,
			);
			defaultConfigurationIsVisible = 0;
			defaultConfigurationName = Release;
		};
		C5E1C8CA2B934AB10032CD80 /* Build configuration list for PBXNativeTarget "MyRemindersUITests" */ = {
			isa = XCConfigurationList;
			buildConfigurations = (
				C5E1C8CB2B934AB10032CD80 /* Debug */,
				C5E1C8CC2B934AB10032CD80 /* Release */,
			);
			defaultConfigurationIsVisible = 0;
			defaultConfigurationName = Release;
		};
/* End XCConfigurationList section */
	};
	rootObject = C5E1C8922B934AAF0032CD80 /* Project object */;
}
